
Microsoft Visual Studio Solution File, Format Version 12.00
Project("{FAE04EC0-301F-11D3-BF4B-00C04F79EFBC}") = "DragonFruit.Six.Client.Maui", "DragonFruit.Six.Client.Maui\DragonFruit.Six.Client.Maui.csproj", "{23D4EECD-8A96-4461-ACD9-E77148E98291}"
EndProject
Project("{FAE04EC0-301F-11D3-BF4B-00C04F79EFBC}") = "DragonFruit.Six.Client", "DragonFruit.Six.Client\DragonFruit.Six.Client.csproj", "{CA1997DD-BF9B-4A5F-B0F5-CD189DA97CCA}"
EndProject
Global
	GlobalSection(SolutionConfigurationPlatforms) = preSolution
		Debug|Any CPU = Debug|Any CPU
		Release|Any CPU = Release|Any CPU
	EndGlobalSection
	GlobalSection(ProjectConfigurationPlatforms) = postSolution
		{23D4EECD-8A96-4461-ACD9-E77148E98291}.Debug|Any CPU.ActiveCfg = Debug|Any CPU
		{23D4EECD-8A96-4461-ACD9-E77148E98291}.Debug|Any CPU.Build.0 = Debug|Any CPU
		{23D4EECD-8A96-4461-ACD9-E77148E98291}.Release|Any CPU.ActiveCfg = Release|Any CPU
		{23D4EECD-8A96-4461-ACD9-E77148E98291}.Release|Any CPU.Build.0 = Release|Any CPU
		{CA1997DD-BF9B-4A5F-B0F5-CD189DA97CCA}.Debug|Any CPU.ActiveCfg = Debug|Any CPU
		{CA1997DD-BF9B-4A5F-B0F5-CD189DA97CCA}.Debug|Any CPU.Build.0 = Debug|Any CPU
		{CA1997DD-BF9B-4A5F-B0F5-CD189DA97CCA}.Release|Any CPU.ActiveCfg = Release|Any CPU
		{CA1997DD-BF9B-4A5F-B0F5-CD189DA97CCA}.Release|Any CPU.Build.0 = Release|Any CPU
	EndGlobalSection
EndGlobal
